
Microsoft Visual Studio Solution File, Format Version 12.00
# Visual Studio Version 16
VisualStudioVersion = 16.0.30114.105
MinimumVisualStudioVersion = 10.0.40219.1
Project("{FAE04EC0-301F-11D3-BF4B-00C04F79EFBC}") = "DSPTree.Tests", "DSPTree.Tests\DSPTree.Tests.csproj", "{6EBB1B74-A9AF-4E49-BF65-21C79C16CAD9}"
EndProject
Project("{FAE04EC0-301F-11D3-BF4B-00C04F79EFBC}") = "DSPTree", "DSPTree\DSPTree.csproj", "{7F7A9BBD-2D68-4170-9057-9661A5BD9B87}"
EndProject
Global
	GlobalSection(SolutionConfigurationPlatforms) = preSolution
		Debug|Any CPU = Debug|Any CPU
		Release|Any CPU = Release|Any CPU
	EndGlobalSection
	GlobalSection(SolutionProperties) = preSolution
		HideSolutionNode = FALSE
	EndGlobalSection
	GlobalSection(ProjectConfigurationPlatforms) = postSolution
		{6EBB1B74-A9AF-4E49-BF65-21C79C16CAD9}.Debug|Any CPU.ActiveCfg = Debug|Any CPU
		{6EBB1B74-A9AF-4E49-BF65-21C79C16CAD9}.Debug|Any CPU.Build.0 = Debug|Any CPU
		{6EBB1B74-A9AF-4E49-BF65-21C79C16CAD9}.Release|Any CPU.ActiveCfg = Release|Any CPU
		{6EBB1B74-A9AF-4E49-BF65-21C79C16CAD9}.Release|Any CPU.Build.0 = Release|Any CPU
		{7F7A9BBD-2D68-4170-9057-9661A5BD9B87}.Debug|Any CPU.ActiveCfg = Debug|Any CPU
		{7F7A9BBD-2D68-4170-9057-9661A5BD9B87}.Debug|Any CPU.Build.0 = Debug|Any CPU
		{7F7A9BBD-2D68-4170-9057-9661A5BD9B87}.Release|Any CPU.ActiveCfg = Release|Any CPU
		{7F7A9BBD-2D68-4170-9057-9661A5BD9B87}.Release|Any CPU.Build.0 = Release|Any CPU
	EndGlobalSection
EndGlobal
